
Microsoft Visual Studio Solution File, Format Version 12.00
# Visual Studio 2012
Project("{FAE04EC0-301F-11D3-BF4B-00C04F79EFBC}") = "PublicBroadcasting", "PublicBroadcasting\PublicBroadcasting.csproj", "{70B34D8C-2119-4135-ACA9-ECA088E11BFD}"
EndProject
Project("{FAE04EC0-301F-11D3-BF4B-00C04F79EFBC}") = "Tests", "Tests\Tests.csproj", "{43265215-4C7A-4248-8CF3-2DD9BA051ABB}"
EndProject
Project("{FAE04EC0-301F-11D3-BF4B-00C04F79EFBC}") = "Benchmark", "Benchmark\Benchmark.csproj", "{5740E91F-4FC8-4D67-AF10-0E09CD472F8C}"
EndProject
Project("{2150E333-8FDC-42A3-9474-1A3956D46DE8}") = "Solution Items", "Solution Items", "{7BCA081D-A427-407E-98DC-277170736D35}"
	ProjectSection(SolutionItems) = preProject
		README.markdown = README.markdown
	EndProjectSection
EndProject
Global
	GlobalSection(SolutionConfigurationPlatforms) = preSolution
		Debug|Any CPU = Debug|Any CPU
		Release|Any CPU = Release|Any CPU
	EndGlobalSection
	GlobalSection(ProjectConfigurationPlatforms) = postSolution
		{70B34D8C-2119-4135-ACA9-ECA088E11BFD}.Debug|Any CPU.ActiveCfg = Debug|Any CPU
		{70B34D8C-2119-4135-ACA9-ECA088E11BFD}.Debug|Any CPU.Build.0 = Debug|Any CPU
		{70B34D8C-2119-4135-ACA9-ECA088E11BFD}.Release|Any CPU.ActiveCfg = Release|Any CPU
		{70B34D8C-2119-4135-ACA9-ECA088E11BFD}.Release|Any CPU.Build.0 = Release|Any CPU
		{43265215-4C7A-4248-8CF3-2DD9BA051ABB}.Debug|Any CPU.ActiveCfg = Debug|Any CPU
		{43265215-4C7A-4248-8CF3-2DD9BA051ABB}.Debug|Any CPU.Build.0 = Debug|Any CPU
		{43265215-4C7A-4248-8CF3-2DD9BA051ABB}.Release|Any CPU.ActiveCfg = Release|Any CPU
		{43265215-4C7A-4248-8CF3-2DD9BA051ABB}.Release|Any CPU.Build.0 = Release|Any CPU
		{5740E91F-4FC8-4D67-AF10-0E09CD472F8C}.Debug|Any CPU.ActiveCfg = Debug|Any CPU
		{5740E91F-4FC8-4D67-AF10-0E09CD472F8C}.Debug|Any CPU.Build.0 = Debug|Any CPU
		{5740E91F-4FC8-4D67-AF10-0E09CD472F8C}.Release|Any CPU.ActiveCfg = Release|Any CPU
		{5740E91F-4FC8-4D67-AF10-0E09CD472F8C}.Release|Any CPU.Build.0 = Release|Any CPU
	EndGlobalSection
	GlobalSection(SolutionProperties) = preSolution
		HideSolutionNode = FALSE
	EndGlobalSection
EndGlobal
